
Microsoft Visual Studio Solution File, Format Version 12.00
# Visual Studio Version 17
VisualStudioVersion = 17.9.34723.18
MinimumVisualStudioVersion = 10.0.40219.1
Project("{FAE04EC0-301F-11D3-BF4B-00C04F79EFBC}") = "Etsejercicio9", "Etsejercicio9\Etsejercicio9.csproj", "{DABA2BF9-4117-48C9-93D6-C007CCC0237B}"
EndProject
Global
	GlobalSection(SolutionConfigurationPlatforms) = preSolution
		Debug|Any CPU = Debug|Any CPU
		Release|Any CPU = Release|Any CPU
	EndGlobalSection
	GlobalSection(ProjectConfigurationPlatforms) = postSolution
		{DABA2BF9-4117-48C9-93D6-C007CCC0237B}.Debug|Any CPU.ActiveCfg = Debug|Any CPU
		{DABA2BF9-4117-48C9-93D6-C007CCC0237B}.Debug|Any CPU.Build.0 = Debug|Any CPU
		{DABA2BF9-4117-48C9-93D6-C007CCC0237B}.Release|Any CPU.ActiveCfg = Release|Any CPU
		{DABA2BF9-4117-48C9-93D6-C007CCC0237B}.Release|Any CPU.Build.0 = Release|Any CPU
	EndGlobalSection
	GlobalSection(SolutionProperties) = preSolution
		HideSolutionNode = FALSE
	EndGlobalSection
	GlobalSection(ExtensibilityGlobals) = postSolution
		SolutionGuid = {15D89FA8-81D5-4541-9E0C-69815E20408B}
	EndGlobalSection
EndGlobal
